# THIS IS AN AUTOGENERATED FILE. DO NOT EDIT THIS FILE DIRECTLY.
# yarn lockfile v1


"@xzchameleon/icon@^0.0.22":
  version "0.0.22"
  resolved "https://registry.npmjs.org/@xzchameleon/icon/-/icon-0.0.22.tgz#caa5790c9de1271e3bad44b49c21e015d2e8a9fd"
  integrity sha512-CPGTYdgVrhiDSaEjuBdsSczZ8GRlDyrZ6X4LclQVRfs4KwLUbphx1JTEGv5hskA/1TLFdCT+M9fLd5JU0iwbfw==

"@xzchameleon/modal@^0.0.22":
  version "0.0.22"
  resolved "https://registry.npmjs.org/@xzchameleon/modal/-/modal-0.0.22.tgz#5c35f685bb29e4e7aa2752b7e1718e6935218a40"
  integrity sha512-YPtCzjMz7dQpvwil/myir+VRppJsMqFzcqBcWIuki+Me+OX8lvi8rPCefcsAHvU+TwU1svAKHyn21bXtaJEu9Q==
  dependencies:
    "@xzchameleon/touchable" "^0.0.22"

"@xzchameleon/rowline@^0.0.22":
  version "0.0.22"
  resolved "https://registry.npmjs.org/@xzchameleon/rowline/-/rowline-0.0.22.tgz#9d2195e28969d6a215df61521b48a605f68f1ad6"
  integrity sha512-Cg1bABuu/2B+S3UmXNn/VvR0z/tBYytvyunS6CnBdcvvutZLkvNsYPfNYVCXDkq9iEhJmOiXKDdivDHiRpGL7w==

"@xzchameleon/touchable@^0.0.22":
  version "0.0.22"
  resolved "https://registry.npmjs.org/@xzchameleon/touchable/-/touchable-0.0.22.tgz#7b813cd43eec6a442fff0e94371ee0f660691742"
  integrity sha512-r3QQDB/+aX2wbJ+1dz47wCt0PzMB2yxRHrP25K6XogIkxT2ExvCc/GeU0OAXpnw9pL73b+A71vE3+Cjq22lurg==
