{
	"name": "checkBox",
	"version": "0.0.10",
	"lockfileVersion": 1,
	"requires": true,
	"dependencies": {
		"events-wrapper": {
			"version": "0.2.2",
			"resolved": "https://registry.npmjs.org/events-wrapper/-/events-wrapper-0.2.2.tgz",
			"integrity": "sha1-9s1dkJS4z230//BmNb5sfAf1RyQ="
		},
		"touchable": {
			"version": "1.0.1",
			"resolved": "https://registry.npmjs.org/touchable/-/touchable-1.0.1.tgz",
			"integrity": "sha1-CYZhk4om9/kJp4z8eS66svgUqyo=",
			"requires": {
				"events-wrapper": "^0.2.2"
			}
		}
	}
}
