{
  "name": "@xzchameleon/button",
  "version": "0.0.18",
  "lockfileVersion": 1,
  "requires": true,
  "dependencies": {
    "@xzchameleon/icon": {
      "version": "0.0.18",
      "resolved": "https://registry.npmjs.org/@xzchameleon/icon/-/icon-0.0.18.tgz",
      "integrity": "sha512-/Fg8qbINWAP6t+Ur3u+mtUEPDCDsu8ka1Y7YMAnWCJs0CQvs2NgGjZtlNLY4S9xT78c9SOzeBhIksehDVQD8lQ=="
    },
    "@xzchameleon/touchable": {
      "version": "0.0.18",
      "resolved": "https://registry.npmjs.org/@xzchameleon/touchable/-/touchable-0.0.18.tgz",
      "integrity": "sha512-C57Ji+xw/IDKnaJhJlPXnh6HNuQVZX1lFk8Wu7PGFJhZZanlK9WWkbDR/bSHl0WfbJHKXeU1wKze5Aw2iwkHug=="
    }
  }
}
