# THIS IS AN AUTOGENERATED FILE. DO NOT EDIT THIS FILE DIRECTLY.
# yarn lockfile v1


"@xzchameleon/touchable@^0.0.22":
  version "0.0.22"
  resolved "https://registry.npmjs.org/@xzchameleon/touchable/-/touchable-0.0.22.tgz#7b813cd43eec6a442fff0e94371ee0f660691742"
  integrity sha512-r3QQDB/+aX2wbJ+1dz47wCt0PzMB2yxRHrP25K6XogIkxT2ExvCc/GeU0OAXpnw9pL73b+A71vE3+Cjq22lurg==
